
Microsoft Visual Studio Solution File, Format Version 12.00
# Visual Studio Version 17
VisualStudioVersion = 17.7.34031.279
MinimumVisualStudioVersion = 10.0.40219.1
Project("{FAE04EC0-301F-11D3-BF4B-00C04F79EFBC}") = "Jacky.Zungu_c#_SectionB_WordConcanate", "Jacky.Zungu_c#_SectionB_WordConcanate.csproj", "{F3CDAFFF-06FC-4AAE-8DD6-20F40069657A}"
EndProject
Global
	GlobalSection(SolutionConfigurationPlatforms) = preSolution
		Debug|Any CPU = Debug|Any CPU
		Release|Any CPU = Release|Any CPU
	EndGlobalSection
	GlobalSection(ProjectConfigurationPlatforms) = postSolution
		{F3CDAFFF-06FC-4AAE-8DD6-20F40069657A}.Debug|Any CPU.ActiveCfg = Debug|Any CPU
		{F3CDAFFF-06FC-4AAE-8DD6-20F40069657A}.Debug|Any CPU.Build.0 = Debug|Any CPU
		{F3CDAFFF-06FC-4AAE-8DD6-20F40069657A}.Release|Any CPU.ActiveCfg = Release|Any CPU
		{F3CDAFFF-06FC-4AAE-8DD6-20F40069657A}.Release|Any CPU.Build.0 = Release|Any CPU
	EndGlobalSection
	GlobalSection(SolutionProperties) = preSolution
		HideSolutionNode = FALSE
	EndGlobalSection
	GlobalSection(ExtensibilityGlobals) = postSolution
		SolutionGuid = {298BAD6C-2BD3-4E3A-BB9F-B6B306809722}
	EndGlobalSection
EndGlobal
